{
    "hash": "06c6dabae91e59a15e803f6361d68077",
    "packages": [
        {
            "name": "doctrine/common",
            "version": "2.3.x-dev",
            "source": {
                "type": "git",
                "url": "https://github.com/doctrine/common",
                "reference": "bb0aebbf234db52df476a2b473d434745b34221c"
            },
            "dist": {
                "type": "zip",
                "url": "https://github.com/doctrine/common/zipball/bb0aebbf234db52df476a2b473d434745b34221c",
                "reference": "bb0aebbf234db52df476a2b473d434745b34221c",
                "shasum": ""
            },
            "require": {
                "php": ">=5.3.2"
            },
            "time": "1348120518",
            "type": "library",
            "extra": {
                "branch-alias": {
                    "dev-master": "2.3.x-dev"
                }
            },
            "installation-source": "source",
            "autoload": {
                "psr-0": {
                    "Doctrine\\Common": "lib/"
                }
            },
            "license": [
                "MIT"
            ],
            "authors": [
                {
                    "name": "Jonathan Wage",
                    "email": "jonwage@gmail.com",
                    "homepage": "http://www.jwage.com/"
                },
                {
                    "name": "Guilherme Blanco",
                    "email": "guilhermeblanco@gmail.com",
                    "homepage": "http://www.instaclick.com"
                },
                {
                    "name": "Roman Borschel",
                    "email": "roman@code-factory.org"
                },
                {
                    "name": "Benjamin Eberlei",
                    "email": "kontakt@beberlei.de"
                },
                {
                    "name": "Johannes M. Schmitt",
                    "email": "schmittjoh@gmail.com",
                    "homepage": "http://jmsyst.com",
                    "role": "Developer of wrapped JMSSerializerBundle"
                }
            ],
            "description": "Common Library for Doctrine projects",
            "homepage": "http://www.doctrine-project.org",
            "keywords": [
                "collections",
                "spl",
                "eventmanager",
                "annotations",
                "persistence"
            ]
        },
        {
            "name": "doctrine/dbal",
            "version": "2.3.x-dev",
            "source": {
                "type": "git",
                "url": "https://github.com/doctrine/dbal",
                "reference": "219d96a1592e9e23087eb6861b4f8233d06c6463"
            },
            "dist": {
                "type": "zip",
                "url": "https://github.com/doctrine/dbal/zipball/219d96a1592e9e23087eb6861b4f8233d06c6463",
                "reference": "219d96a1592e9e23087eb6861b4f8233d06c6463",
                "shasum": ""
            },
            "require": {
                "php": ">=5.3.2",
                "doctrine/common": "2.3.*"
            },
            "time": "1349518912",
            "type": "library",
            "extra": {
                "branch-alias": {
                    "dev-master": "2.3.x-dev"
                }
            },
            "installation-source": "source",
            "autoload": {
                "psr-0": {
                    "Doctrine\\DBAL": "lib/"
                }
            },
            "license": [
                "MIT"
            ],
            "authors": [
                {
                    "name": "Jonathan Wage",
                    "email": "jonwage@gmail.com",
                    "homepage": "http://www.jwage.com/"
                },
                {
                    "name": "Guilherme Blanco",
                    "email": "guilhermeblanco@gmail.com",
                    "homepage": "http://www.instaclick.com"
                },
                {
                    "name": "Roman Borschel",
                    "email": "roman@code-factory.org"
                },
                {
                    "name": "Benjamin Eberlei",
                    "email": "kontakt@beberlei.de"
                }
            ],
            "description": "Database Abstraction Layer",
            "homepage": "http://www.doctrine-project.org",
            "keywords": [
                "database",
                "persistence",
                "dbal",
                "queryobject"
            ]
        },
        {
            "name": "doctrine/doctrine-bundle",
            "version": "dev-master",
            "target-dir": "Doctrine/Bundle/DoctrineBundle",
            "source": {
                "type": "git",
                "url": "git://github.com/doctrine/DoctrineBundle.git",
                "reference": "a3b99ec049b7c488c70b8776a67c594e6ddf54cd"
            },
            "dist": {
                "type": "zip",
                "url": "https://github.com/doctrine/DoctrineBundle/zipball/a3b99ec049b7c488c70b8776a67c594e6ddf54cd",
                "reference": "a3b99ec049b7c488c70b8776a67c594e6ddf54cd",
                "shasum": ""
            },
            "require": {
                "php": ">=5.3.2",
                "doctrine/dbal": ">=2.2,<2.4-dev",
                "symfony/framework-bundle": ">=2.1,<2.3-dev",
                "symfony/doctrine-bridge": ">=2.1,<2.3-dev"
            },
            "require-dev": {
                "doctrine/orm": ">=2.2,<2.4-dev",
                "symfony/yaml": ">=2.1,<2.3-dev",
                "symfony/validator": ">=2.1,<2.3-dev"
            },
            "suggest": {
                "doctrine/orm": "The Doctrine ORM integration is optional in the bundle."
            },
            "time": "1350120716",
            "type": "symfony-bundle",
            "extra": {
                "branch-alias": {
                    "dev-master": "1.0.x-dev"
                }
            },
            "installation-source": "source",
            "autoload": {
                "psr-0": {
                    "Doctrine\\Bundle\\DoctrineBundle": ""
                }
            },
            "license": [
                "MIT"
            ],
            "authors": [
                {
                    "name": "Fabien Potencier",
                    "email": "fabien@symfony.com"
                },
                {
                    "name": "Symfony Community",
                    "homepage": "http://symfony.com/contributors"
                },
                {
                    "name": "Benjamin Eberlei",
                    "email": "kontakt@beberlei.de"
                }
            ],
            "description": "Symfony DoctrineBundle",
            "homepage": "http://www.doctrine-project.org",
            "keywords": [
                "database",
                "orm",
                "persistence",
                "dbal"
            ]
        },
        {
            "name": "doctrine/phpcr-bundle",
            "version": "dev-master",
            "target-dir": "Doctrine/Bundle/PHPCRBundle",
            "source": {
                "type": "git",
                "url": "https://github.com/doctrine/DoctrinePHPCRBundle",
                "reference": "92afa41bc4445c246358609f80424c985955035c"
            },
            "dist": {
                "type": "zip",
                "url": "https://github.com/doctrine/DoctrinePHPCRBundle/zipball/92afa41bc4445c246358609f80424c985955035c",
                "reference": "92afa41bc4445c246358609f80424c985955035c",
                "shasum": ""
            },
            "require": {
                "php": ">=5.3.2",
                "phpcr/phpcr-implementation": "2.1.*",
                "phpcr/phpcr-utils": ">=1.0-beta3",
                "symfony/framework-bundle": ">=2.1,<2.3-dev",
                "symfony/doctrine-bridge": ">=2.1,<2.3-dev"
            },
            "suggest": {
                "doctrine/doctrine-bundle": "when using jackalope-doctrine-dbal",
                "doctrine/data-fixtures": "if you want to use the fixture loading",
                "doctrine/phpcr-odm": "if you want to use the odm as well. require version 1.0.*"
            },
            "time": "1350167037",
            "type": "symfony-bundle",
            "extra": {
                "branch-alias": {
                    "dev-master": "1.0-dev"
                }
            },
            "installation-source": "source",
            "autoload": {
                "psr-0": {
                    "Doctrine\\Bundle\\PHPCRBundle": ""
                }
            },
            "license": [
                "MIT"
            ],
            "authors": [
                {
                    "name": "Benjamin Eberlei",
                    "email": "kontakt@beberlei.de"
                },
                {
                    "name": "Lukas Kahwe Smith",
                    "email": "smith@pooteeweet.org"
                }
            ],
            "description": "Symfony DoctrinePHPCRBundle",
            "homepage": "http://www.doctrine-project.org",
            "keywords": [
                "database",
                "persistence",
                "phpcr",
                "odm"
            ]
        },
        {
            "name": "doctrine/phpcr-odm",
            "version": "dev-master",
            "source": {
                "type": "git",
                "url": "https://github.com/doctrine/phpcr-odm",
                "reference": "4840bb54b86d98253555325036c83de76ca20fd7"
            },
            "dist": {
                "type": "zip",
                "url": "https://github.com/doctrine/phpcr-odm/zipball/4840bb54b86d98253555325036c83de76ca20fd7",
                "reference": "4840bb54b86d98253555325036c83de76ca20fd7",
                "shasum": ""
            },
            "require": {
                "php": ">=5.3.2",
                "phpcr/phpcr-implementation": ">=2.1.0-beta3,<2.2.0-dev",
                "phpcr/phpcr-utils": ">=1.0-beta3",
                "doctrine/common": ">=2.3-dev,<2.4-dev"
            },
            "require-dev": {
                "symfony/yaml": ">=2.0.0,<2.3.0-dev"
            },
            "suggest": {
                "jackalope/jackalope-doctrine-dbal": "dev-master",
                "jackalope/jackalope-jackrabbit": "1.0.*",
                "midgard/phpcr": ">=1.3",
                "symfony/yaml": ">=2.0.0,<2.3.0-dev"
            },
            "time": "1350166997",
            "bin": [
                "bin/phpcr",
                "bin/phpcr.php"
            ],
            "type": "library",
            "extra": {
                "branch-alias": {
                    "dev-master": "1.0-dev"
                }
            },
            "installation-source": "source",
            "autoload": {
                "psr-0": {
                    "Doctrine\\ODM\\PHPCR": "lib/"
                }
            },
            "license": [
                "MIT"
            ],
            "authors": [
                {
                    "name": "Jordi Boggiano",
                    "email": "j.boggiano@seld.be",
                    "homepage": "http://seld.be",
                    "role": "Developer"
                },
                {
                    "name": "Lukas Kahwe Smith",
                    "email": "smith@pooteeweet.org"
                },
                {
                    "name": "David Buchmann",
                    "email": "david@liip.ch"
                }
            ],
            "description": "Object-Document-Mapper for PHPCR",
            "homepage": "http://www.doctrine-project.org",
            "keywords": [
                "database",
                "phpcr",
                "odm"
            ]
        },
        {
            "name": "jackalope/jackalope",
            "version": "dev-master",
            "source": {
                "type": "git",
                "url": "https://github.com/jackalope/jackalope",
                "reference": "0c97951fa34d65c5c501d8e17e3eba2432a85643"
            },
            "dist": {
                "type": "zip",
                "url": "https://github.com/jackalope/jackalope/zipball/0c97951fa34d65c5c501d8e17e3eba2432a85643",
                "reference": "0c97951fa34d65c5c501d8e17e3eba2432a85643",
                "shasum": ""
            },
            "require": {
                "php": ">=5.3.2",
                "ext-libxml": "*",
                "jackalope/jackalope-transport": "1.0.*",
                "phpcr/phpcr-utils": ">=1.0-beta3",
                "phpcr/phpcr": ">=2.1.0-beta5"
            },
            "provide": {
                "phpcr/phpcr-implementation": "2.1.0-beta4"
            },
            "time": "1349905078",
            "type": "library",
            "extra": {
                "branch-alias": {
                    "dev-master": "1.0-dev"
                }
            },
            "installation-source": "source",
            "autoload": {
                "psr-0": {
                    "Jackalope\\": "src/"
                }
            },
            "license": [
                "MIT"
            ],
            "authors": [
                {
                    "name": "Jackalope Community",
                    "homepage": "https://github.com/jackalope/jackalope/contributors"
                }
            ],
            "description": "Jackalope PHPCR library",
            "homepage": "http://jackalope.github.com",
            "keywords": [
                "phpcr implementation"
            ]
        },
        {
            "name": "jackalope/jackalope-doctrine-dbal",
            "version": "dev-master",
            "source": {
                "type": "git",
                "url": "https://github.com/jackalope/jackalope-doctrine-dbal",
                "reference": "dc256459f5f514c4127a8b941ed20727ea60279d"
            },
            "dist": {
                "type": "zip",
                "url": "https://github.com/jackalope/jackalope-doctrine-dbal/zipball/dc256459f5f514c4127a8b941ed20727ea60279d",
                "reference": "dc256459f5f514c4127a8b941ed20727ea60279d",
                "shasum": ""
            },
            "require": {
                "php": ">=5.3.2",
                "doctrine/dbal": ">=2.2.0,<2.4",
                "jackalope/jackalope": "1.0.*",
                "phpcr/phpcr": ">=2.1.0-beta6"
            },
            "provide": {
                "jackalope/jackalope-transport": "1.0.0-alpha1"
            },
            "require-dev": {
                "phpcr/phpcr-api-tests": "dev-master"
            },
            "suggest": {
                "phpcr/phpcr-api-tests": "dev-master"
            },
            "time": "1349707265",
            "type": "library",
            "extra": {
                "branch-alias": {
                    "dev-master": "1.0-dev"
                }
            },
            "installation-source": "source",
            "autoload": {
                "psr-0": {
                    "Jackalope\\": "src/"
                }
            },
            "license": [
                "MIT"
            ],
            "authors": [
                {
                    "name": "Jackalope Community",
                    "homepage": "https://github.com/jackalope/jackalope-jackrabbit/contributors"
                }
            ],
            "description": "Jackalope Transport library",
            "homepage": "http://jackalope.github.com",
            "keywords": [
                "transport implementation",
                "doctrine-dbal"
            ]
        },
        {
            "name": "phpcr/phpcr",
            "version": "dev-master",
            "source": {
                "type": "git",
                "url": "https://github.com/phpcr/phpcr",
                "reference": "2.1.0-beta6"
            },
            "dist": {
                "type": "zip",
                "url": "https://github.com/phpcr/phpcr/zipball/2.1.0-beta6",
                "reference": "2.1.0-beta6",
                "shasum": ""
            },
            "require": {
                "php": ">=5.3.0"
            },
            "time": "1348510647",
            "type": "library",
            "extra": {
                "branch-alias": {
                    "dev-master": "2.1-dev"
                }
            },
            "installation-source": "source",
            "autoload": {
                "psr-0": {
                    "PHPCR": "src"
                }
            },
            "license": [
                "Apache-2.0"
            ],
            "authors": [
                {
                    "name": "Lukas Kahwe Smith",
                    "email": "smith@pooteeweet.org"
                },
                {
                    "name": "David Buchmann",
                    "email": "david@liip.ch"
                },
                {
                    "name": "Karsten Dambekalns",
                    "email": "karsten@typo3.org"
                }
            ],
            "description": "PHP Content Repository interfaces",
            "homepage": "http://phpcr.github.com",
            "keywords": [
                "phpcr",
                "contentrepository"
            ]
        },
        {
            "name": "phpcr/phpcr-utils",
            "version": "dev-master",
            "source": {
                "type": "git",
                "url": "https://github.com/phpcr/phpcr-utils",
                "reference": "6a6314bacda1bcd7890e3137853eb61316197103"
            },
            "dist": {
                "type": "zip",
                "url": "https://github.com/phpcr/phpcr-utils/zipball/6a6314bacda1bcd7890e3137853eb61316197103",
                "reference": "6a6314bacda1bcd7890e3137853eb61316197103",
                "shasum": ""
            },
            "require": {
                "php": ">=5.3.0",
                "phpcr/phpcr": ">=2.1.0-beta5",
                "symfony/console": ">=2.0.0,<2.3.0-dev"
            },
            "time": "1350166966",
            "type": "library",
            "extra": {
                "branch-alias": {
                    "dev-master": "1.0-dev"
                }
            },
            "installation-source": "source",
            "autoload": {
                "psr-0": {
                    "PHPCR\\Util": "src"
                }
            },
            "license": [
                "Apache-2.0"
            ],
            "authors": [
                {
                    "name": "Lukas Kahwe Smith",
                    "email": "smith@pooteeweet.org"
                },
                {
                    "name": "David Buchmann",
                    "email": "david@liip.ch"
                },
                {
                    "name": "Daniel Barsotti",
                    "email": "daniel.barsotti@liip.ch"
                },
                {
                    "name": "Nacho Martín",
                    "email": "nitram.ohcan@gmail.com"
                }
            ],
            "description": "PHP Content Repository implementation independant utilities",
            "homepage": "http://phpcr.github.com",
            "keywords": [
                "phpcr",
                "contentrepository",
                "cli"
            ]
        },
        {
            "name": "symfony/symfony",
            "version": "dev-master",
            "source": {
                "type": "git",
                "url": "git://github.com/symfony/symfony.git",
                "reference": "0fc0fb3b9ca37981fdd3b9ac1621a08c4498a8df"
            },
            "dist": {
                "type": "zip",
                "url": "https://github.com/symfony/symfony/zipball/0fc0fb3b9ca37981fdd3b9ac1621a08c4498a8df",
                "reference": "0fc0fb3b9ca37981fdd3b9ac1621a08c4498a8df",
                "shasum": ""
            },
            "require": {
                "doctrine/common": ">2.2,<2.4-dev",
                "php": ">=5.3.3",
                "twig/twig": ">=1.9.1,<2.0-dev"
            },
            "replace": {
                "symfony/doctrine-bridge": "self.version",
                "symfony/monolog-bridge": "self.version",
                "symfony/propel1-bridge": "self.version",
                "symfony/swiftmailer-bridge": "self.version",
                "symfony/twig-bridge": "self.version",
                "symfony/framework-bundle": "self.version",
                "symfony/security-bundle": "self.version",
                "symfony/twig-bundle": "self.version",
                "symfony/web-profiler-bundle": "self.version",
                "symfony/browser-kit": "self.version",
                "symfony/class-loader": "self.version",
                "symfony/config": "self.version",
                "symfony/console": "self.version",
                "symfony/css-selector": "self.version",
                "symfony/dependency-injection": "self.version",
                "symfony/dom-crawler": "self.version",
                "symfony/event-dispatcher": "self.version",
                "symfony/filesystem": "self.version",
                "symfony/finder": "self.version",
                "symfony/form": "self.version",
                "symfony/http-foundation": "self.version",
                "symfony/http-kernel": "self.version",
                "symfony/locale": "self.version",
                "symfony/options-resolver": "self.version",
                "symfony/process": "self.version",
                "symfony/routing": "self.version",
                "symfony/security": "self.version",
                "symfony/serializer": "self.version",
                "symfony/templating": "self.version",
                "symfony/translation": "self.version",
                "symfony/validator": "self.version",
                "symfony/yaml": "self.version"
            },
            "require-dev": {
                "doctrine/data-fixtures": "1.0.*",
                "propel/propel1": "dev-master",
                "monolog/monolog": "dev-master",
                "doctrine/dbal": ">=2.2,<2.4-dev",
                "doctrine/orm": ">=2.2.3,<2.4-dev"
            },
            "suggest": {
                "doctrine/data-fixtures": "1.0.*"
            },
            "time": "1350207404",
            "type": "library",
            "extra": {
                "branch-alias": {
                    "dev-master": "2.2-dev"
                }
            },
            "installation-source": "source",
            "autoload": {
                "psr-0": {
                    "Symfony\\": "src/"
                },
                "classmap": [
                    "src/Symfony/Component/HttpFoundation/Resources/stubs",
                    "src/Symfony/Component/Locale/Resources/stubs"
                ]
            },
            "license": [
                "MIT"
            ],
            "authors": [
                {
                    "name": "Fabien Potencier",
                    "email": "fabien@symfony.com"
                },
                {
                    "name": "Symfony Community",
                    "homepage": "http://symfony.com/contributors"
                }
            ],
            "description": "The Symfony PHP framework",
            "homepage": "http://symfony.com",
            "keywords": [
                "framework"
            ]
        },
        {
            "name": "twig/twig",
            "version": "dev-master",
            "source": {
                "type": "git",
                "url": "git://github.com/fabpot/Twig.git",
                "reference": "82334f876f06b76b28d60ef547ff0ccee8bc1de8"
            },
            "dist": {
                "type": "zip",
                "url": "https://github.com/fabpot/Twig/zipball/82334f876f06b76b28d60ef547ff0ccee8bc1de8",
                "reference": "82334f876f06b76b28d60ef547ff0ccee8bc1de8",
                "shasum": ""
            },
            "require": {
                "php": ">=5.2.4"
            },
            "time": "1350154884",
            "type": "library",
            "extra": {
                "branch-alias": {
                    "dev-master": "1.10-dev"
                }
            },
            "installation-source": "source",
            "autoload": {
                "psr-0": {
                    "Twig_": "lib/"
                }
            },
            "license": [
                "BSD-3"
            ],
            "authors": [
                {
                    "name": "Fabien Potencier",
                    "email": "fabien@symfony.com"
                },
                {
                    "name": "Armin Ronacher",
                    "email": "armin.ronacher@active-4.com"
                }
            ],
            "description": "Twig, the flexible, fast, and secure template language for PHP",
            "homepage": "http://twig.sensiolabs.org",
            "keywords": [
                "templating"
            ]
        }
    ],
    "packages-dev": null,
    "aliases": [

    ],
    "minimum-stability": "dev",
    "stability-flags": {
        "jackalope/jackalope-doctrine-dbal": 20,
        "doctrine/phpcr-odm": 20
    }
}
